
Microsoft Visual Studio Solution File, Format Version 12.00
# Visual Studio Version 16
VisualStudioVersion = 16.0.30011.22
MinimumVisualStudioVersion = 10.0.40219.1
Project("{FAE04EC0-301F-11D3-BF4B-00C04F79EFBC}") = "ADAL-Video", "ADAL-Video.csproj", "{0A6F0444-428C-4C28-80AF-D76F1C69A8B0}"
EndProject
Global
	GlobalSection(SolutionConfigurationPlatforms) = preSolution
		Debug|Any CPU = Debug|Any CPU
		Release|Any CPU = Release|Any CPU
	EndGlobalSection
	GlobalSection(ProjectConfigurationPlatforms) = postSolution
		{0A6F0444-428C-4C28-80AF-D76F1C69A8B0}.Debug|Any CPU.ActiveCfg = Debug|Any CPU
		{0A6F0444-428C-4C28-80AF-D76F1C69A8B0}.Debug|Any CPU.Build.0 = Debug|Any CPU
		{0A6F0444-428C-4C28-80AF-D76F1C69A8B0}.Release|Any CPU.ActiveCfg = Release|Any CPU
		{0A6F0444-428C-4C28-80AF-D76F1C69A8B0}.Release|Any CPU.Build.0 = Release|Any CPU
	EndGlobalSection
	GlobalSection(SolutionProperties) = preSolution
		HideSolutionNode = FALSE
	EndGlobalSection
	GlobalSection(ExtensibilityGlobals) = postSolution
		SolutionGuid = {6182F9E8-E6DA-4E8A-BE0C-664809EB3FAC}
	EndGlobalSection
EndGlobal
